
Microsoft Visual Studio Solution File, Format Version 12.00
# Visual Studio Version 16
VisualStudioVersion = 16.0.31105.61
MinimumVisualStudioVersion = 10.0.40219.1
Project("{FAE04EC0-301F-11D3-BF4B-00C04F79EFBC}") = "OnlyInstagramFeedBot", "OnlyInstagramFeedBot.csproj", "{136DEAA9-39E9-48CA-902B-29569EB88CC4}"
EndProject
Global
	GlobalSection(SolutionConfigurationPlatforms) = preSolution
		Debug|Any CPU = Debug|Any CPU
		Release|Any CPU = Release|Any CPU
	EndGlobalSection
	GlobalSection(ProjectConfigurationPlatforms) = postSolution
		{136DEAA9-39E9-48CA-902B-29569EB88CC4}.Debug|Any CPU.ActiveCfg = Debug|Any CPU
		{136DEAA9-39E9-48CA-902B-29569EB88CC4}.Debug|Any CPU.Build.0 = Debug|Any CPU
		{136DEAA9-39E9-48CA-902B-29569EB88CC4}.Release|Any CPU.ActiveCfg = Release|Any CPU
		{136DEAA9-39E9-48CA-902B-29569EB88CC4}.Release|Any CPU.Build.0 = Release|Any CPU
	EndGlobalSection
	GlobalSection(SolutionProperties) = preSolution
		HideSolutionNode = FALSE
	EndGlobalSection
	GlobalSection(ExtensibilityGlobals) = postSolution
		SolutionGuid = {E0C80971-CA7D-4EB4-BADC-F886BEBB3FAB}
	EndGlobalSection
EndGlobal
